
Microsoft Visual Studio Solution File, Format Version 11.00
# Visual Studio 2010
Project("{FAE04EC0-301F-11D3-BF4B-00C04F79EFBC}") = "BowlingGameTest", "BowlingGameTest\BowlingGameTest.csproj", "{0BA098E9-8BE1-425D-8A40-63105E86309D}"
EndProject
Project("{2150E333-8FDC-42A3-9474-1A3956D46DE8}") = "Solution Items", "Solution Items", "{298FAB23-77DE-401C-B0CA-8AA6E05E4624}"
	ProjectSection(SolutionItems) = preProject
		BowlingGameTest.vsmdi = BowlingGameTest.vsmdi
		Local.testsettings = Local.testsettings
		TraceAndTestImpact.testsettings = TraceAndTestImpact.testsettings
	EndProjectSection
EndProject
Global
	GlobalSection(TestCaseManagementSettings) = postSolution
		CategoryFile = BowlingGameTest.vsmdi
	EndGlobalSection
	GlobalSection(SolutionConfigurationPlatforms) = preSolution
		Debug|Any CPU = Debug|Any CPU
		Release|Any CPU = Release|Any CPU
	EndGlobalSection
	GlobalSection(ProjectConfigurationPlatforms) = postSolution
		{0BA098E9-8BE1-425D-8A40-63105E86309D}.Debug|Any CPU.ActiveCfg = Debug|Any CPU
		{0BA098E9-8BE1-425D-8A40-63105E86309D}.Debug|Any CPU.Build.0 = Debug|Any CPU
		{0BA098E9-8BE1-425D-8A40-63105E86309D}.Release|Any CPU.ActiveCfg = Release|Any CPU
		{0BA098E9-8BE1-425D-8A40-63105E86309D}.Release|Any CPU.Build.0 = Release|Any CPU
	EndGlobalSection
	GlobalSection(SolutionProperties) = preSolution
		HideSolutionNode = FALSE
	EndGlobalSection
EndGlobal
